
Microsoft Visual Studio Solution File, Format Version 12.00
# Visual Studio 15
VisualStudioVersion = 15.0.28307.645
MinimumVisualStudioVersion = 10.0.40219.1
Project("{FAE04EC0-301F-11D3-BF4B-00C04F79EFBC}") = "Lab9_Barcan_Florin_George_921", "Lab9_Barcan_Florin_George_921\Lab9_Barcan_Florin_George_921.csproj", "{8A08375D-48F9-4BBD-9925-13933C3D3138}"
EndProject
Global
	GlobalSection(SolutionConfigurationPlatforms) = preSolution
		Debug|Any CPU = Debug|Any CPU
		Release|Any CPU = Release|Any CPU
	EndGlobalSection
	GlobalSection(ProjectConfigurationPlatforms) = postSolution
		{8A08375D-48F9-4BBD-9925-13933C3D3138}.Debug|Any CPU.ActiveCfg = Debug|Any CPU
		{8A08375D-48F9-4BBD-9925-13933C3D3138}.Debug|Any CPU.Build.0 = Debug|Any CPU
		{8A08375D-48F9-4BBD-9925-13933C3D3138}.Release|Any CPU.ActiveCfg = Release|Any CPU
		{8A08375D-48F9-4BBD-9925-13933C3D3138}.Release|Any CPU.Build.0 = Release|Any CPU
	EndGlobalSection
	GlobalSection(SolutionProperties) = preSolution
		HideSolutionNode = FALSE
	EndGlobalSection
	GlobalSection(ExtensibilityGlobals) = postSolution
		SolutionGuid = {69090CDC-3456-48C0-80E5-28A1D5393958}
	EndGlobalSection
EndGlobal
